{
  "name": "Dominican Collage",
  "lockfileVersion": 3,
  "requires": true,
  "packages": {
    "": {
      "dependencies": {
        "@shopify/draggable": "^1.0.0-beta.12"
      }
    },
    "node_modules/@shopify/draggable": {
      "version": "1.0.0-beta.12",
      "resolved": "https://registry.npmjs.org/@shopify/draggable/-/draggable-1.0.0-beta.12.tgz",
      "integrity": "sha512-Un/Dn61sv2er9yjDXLGWMauCOWBb0BMbm0yzmmrD+oUX2/x50yhNJASTsCRdndUCpWlqYfZH8jEfaOgTPsKc/g=="
    }
  }
}
